{
  "name": "halo",
  "version": "1.0.0",
  "lockfileVersion": 2,
  "requires": true,
  "packages": {
    "": {
      "name": "halo",
      "version": "1.0.0",
      "license": "ISC",
      "dependencies": {
        "fomantic-ui-css": "^2.9.3"
      }
    },
    "node_modules/fomantic-ui-css": {
      "version": "2.9.3",
      "resolved": "https://registry.npmjs.org/fomantic-ui-css/-/fomantic-ui-css-2.9.3.tgz",
      "integrity": "sha512-7bM6p3QRpfZFofg7Fd3crzox2E/nBsPyyWDN+N4lnTjNMxgKltSaXJTfhLoK5xBA+wEoNtcmm6w6FQ5Drj+27A==",
      "dependencies": {
        "jquery": "^3.4.0"
      }
    },
    "node_modules/jquery": {
      "version": "3.7.1",
      "resolved": "https://registry.npmjs.org/jquery/-/jquery-3.7.1.tgz",
      "integrity": "sha512-m4avr8yL8kmFN8psrbFFFmB/If14iN5o9nw/NgnnM+kybDJpRsAynV2BsfpTYrTRysYUdADVD7CkUUizgkpLfg=="
    }
  },
  "dependencies": {
    "fomantic-ui-css": {
      "version": "2.9.3",
      "resolved": "https://registry.npmjs.org/fomantic-ui-css/-/fomantic-ui-css-2.9.3.tgz",
      "integrity": "sha512-7bM6p3QRpfZFofg7Fd3crzox2E/nBsPyyWDN+N4lnTjNMxgKltSaXJTfhLoK5xBA+wEoNtcmm6w6FQ5Drj+27A==",
      "requires": {
        "jquery": "^3.4.0"
      }
    },
    "jquery": {
      "version": "3.7.1",
      "resolved": "https://registry.npmjs.org/jquery/-/jquery-3.7.1.tgz",
      "integrity": "sha512-m4avr8yL8kmFN8psrbFFFmB/If14iN5o9nw/NgnnM+kybDJpRsAynV2BsfpTYrTRysYUdADVD7CkUUizgkpLfg=="
    }
  }
}
